
Microsoft Visual Studio Solution File, Format Version 12.00
# Visual Studio Version 17
VisualStudioVersion = 17.13.35931.197 d17.13
MinimumVisualStudioVersion = 10.0.40219.1
Project("{FAE04EC0-301F-11D3-BF4B-00C04F79EFBC}") = "HomolyaN_nevekszurese", "HomolyaN_nevekszurese\HomolyaN_nevekszurese.csproj", "{7D25588E-449B-4B40-AEA4-5BB2BD5CF1B3}"
EndProject
Global
	GlobalSection(SolutionConfigurationPlatforms) = preSolution
		Debug|Any CPU = Debug|Any CPU
		Release|Any CPU = Release|Any CPU
	EndGlobalSection
	GlobalSection(ProjectConfigurationPlatforms) = postSolution
		{7D25588E-449B-4B40-AEA4-5BB2BD5CF1B3}.Debug|Any CPU.ActiveCfg = Debug|Any CPU
		{7D25588E-449B-4B40-AEA4-5BB2BD5CF1B3}.Debug|Any CPU.Build.0 = Debug|Any CPU
		{7D25588E-449B-4B40-AEA4-5BB2BD5CF1B3}.Release|Any CPU.ActiveCfg = Release|Any CPU
		{7D25588E-449B-4B40-AEA4-5BB2BD5CF1B3}.Release|Any CPU.Build.0 = Release|Any CPU
	EndGlobalSection
	GlobalSection(SolutionProperties) = preSolution
		HideSolutionNode = FALSE
	EndGlobalSection
	GlobalSection(ExtensibilityGlobals) = postSolution
		SolutionGuid = {3250BA61-3E6D-4689-B1BF-246FB0A505B1}
	EndGlobalSection
EndGlobal
